dependencies:
- name: entando-k8s-controller-coordinator
  repository: file://./tmp/entando-k8s-controller-coordinator/charts/entando-k8s-controller-coordinator
  version: 7.1.4-ENG-4491-PR-123
digest: sha256:6d09b20ba22a0b79b05f851d7a2dcfcdee9f083c11785813bf2fc76b5c83e8ca
generated: "2023-01-20T17:27:46.070875698+01:00"
